
Microsoft Visual Studio Solution File, Format Version 11.00
# Visual Studio 2010
Project("{FAE04EC0-301F-11D3-BF4B-00C04F79EFBC}") = "UnityEngine.UI", "UnityEngine.UI.csproj", "{0483AAAF-FF77-496A-55DF-C49147C61B51}"
EndProject
Project("{FAE04EC0-301F-11D3-BF4B-00C04F79EFBC}") = "Unity.RenderPipelines.Core.Runtime", "Unity.RenderPipelines.Core.Runtime.csproj", "{77D0ACD1-D47D-E0A6-06A7-43DA01839749}"
EndProject
Project("{FAE04EC0-301F-11D3-BF4B-00C04F79EFBC}") = "UnityEngine.TestRunner", "UnityEngine.TestRunner.csproj", "{9A24D62A-D9AA-F02E-EA10-F1A7B09806BA}"
EndProject
Project("{FAE04EC0-301F-11D3-BF4B-00C04F79EFBC}") = "Unity.Mathematics", "Unity.Mathematics.csproj", "{EF03525F-C652-004E-75B5-1A25157A68B1}"
EndProject
Project("{FAE04EC0-301F-11D3-BF4B-00C04F79EFBC}") = "Assembly-CSharp", "Assembly-CSharp.csproj", "{74861A39-493B-0872-6F2B-2E4D4562BB3D}"
EndProject
Project("{FAE04EC0-301F-11D3-BF4B-00C04F79EFBC}") = "Unity.RenderPipelines.Universal.Runtime", "Unity.RenderPipelines.Universal.Runtime.csproj", "{32675056-715E-3058-6DA3-3FF56D5173FC}"
EndProject
Project("{FAE04EC0-301F-11D3-BF4B-00C04F79EFBC}") = "Unity.Animation.Rigging", "Unity.Animation.Rigging.csproj", "{8CB3F297-DB67-B7AB-5D0D-B3FF65279A00}"
EndProject
Project("{FAE04EC0-301F-11D3-BF4B-00C04F79EFBC}") = "Unity.Burst", "Unity.Burst.csproj", "{C7CC67E3-CA32-CB58-CB44-590AAE0C2C29}"
EndProject
Project("{FAE04EC0-301F-11D3-BF4B-00C04F79EFBC}") = "Unity.TextMeshPro", "Unity.TextMeshPro.csproj", "{36B1053B-4B0D-346A-D196-55588D9C3ED0}"
EndProject
Project("{FAE04EC0-301F-11D3-BF4B-00C04F79EFBC}") = "Cinemachine", "Cinemachine.csproj", "{B60B8B77-D206-38AD-BD16-22991B807259}"
EndProject
Project("{FAE04EC0-301F-11D3-BF4B-00C04F79EFBC}") = "Unity.Timeline", "Unity.Timeline.csproj", "{2BCDEA6E-EE08-DC75-8CBE-71900F4A13C1}"
EndProject
Project("{FAE04EC0-301F-11D3-BF4B-00C04F79EFBC}") = "Unity.RenderPipelines.Core.ShaderLibrary", "Unity.RenderPipelines.Core.ShaderLibrary.csproj", "{5CED8EE4-F7A9-340A-B344-475100360F85}"
EndProject
Project("{FAE04EC0-301F-11D3-BF4B-00C04F79EFBC}") = "Unity.RenderPipeline.Universal.ShaderLibrary", "Unity.RenderPipeline.Universal.ShaderLibrary.csproj", "{AB5294CE-765D-15F5-0D52-7000C4B24C4B}"
EndProject
Project("{FAE04EC0-301F-11D3-BF4B-00C04F79EFBC}") = "NavMeshComponents", "NavMeshComponents.csproj", "{5E623CE7-3E83-642B-BA30-D792C5B7C6E6}"
EndProject
Project("{FAE04EC0-301F-11D3-BF4B-00C04F79EFBC}") = "Unity.RenderPipelines.Universal.Shaders", "Unity.RenderPipelines.Universal.Shaders.csproj", "{CDF6EED5-8F16-E856-E59D-81DBD730714F}"
EndProject
Project("{FAE04EC0-301F-11D3-BF4B-00C04F79EFBC}") = "Unity.RenderPipelines.ShaderGraph.ShaderGraphLibrary", "Unity.RenderPipelines.ShaderGraph.ShaderGraphLibrary.csproj", "{D24F6245-3733-0489-87AD-F9E6279729C6}"
EndProject
Project("{FAE04EC0-301F-11D3-BF4B-00C04F79EFBC}") = "Unity.PlasticSCM.Editor", "Unity.PlasticSCM.Editor.csproj", "{B6BE89A6-9170-7369-F8FB-2402411146B4}"
EndProject
Project("{FAE04EC0-301F-11D3-BF4B-00C04F79EFBC}") = "Unity.ShaderGraph.Editor", "Unity.ShaderGraph.Editor.csproj", "{71CE3B25-6F8E-8C6B-EA38-29C4B83775B2}"
EndProject
Project("{FAE04EC0-301F-11D3-BF4B-00C04F79EFBC}") = "Unity.VisualStudio.Editor", "Unity.VisualStudio.Editor.csproj", "{4BB6E9F5-7B39-7F3B-E7D0-F977AF5F279D}"
EndProject
Project("{FAE04EC0-301F-11D3-BF4B-00C04F79EFBC}") = "Unity.Timeline.Editor", "Unity.Timeline.Editor.csproj", "{82BFB073-906D-C126-879E-975EF4B4FB08}"
EndProject
Project("{FAE04EC0-301F-11D3-BF4B-00C04F79EFBC}") = "com.unity.cinemachine.editor", "com.unity.cinemachine.editor.csproj", "{CCD97FAD-C6F0-DC6A-0ECD-44F6C1379378}"
EndProject
Project("{FAE04EC0-301F-11D3-BF4B-00C04F79EFBC}") = "Unity.TextMeshPro.Editor", "Unity.TextMeshPro.Editor.csproj", "{EE761019-4430-A2EF-5251-835174DDBE27}"
EndProject
Project("{FAE04EC0-301F-11D3-BF4B-00C04F79EFBC}") = "Assembly-CSharp-Editor", "Assembly-CSharp-Editor.csproj", "{6BB2D72F-70FE-C961-6129-91101D72B3E9}"
EndProject
Project("{FAE04EC0-301F-11D3-BF4B-00C04F79EFBC}") = "Unity.CollabProxy.Editor", "Unity.CollabProxy.Editor.csproj", "{9939EBFE-8566-5388-538D-01CD268E5740}"
EndProject
Project("{FAE04EC0-301F-11D3-BF4B-00C04F79EFBC}") = "UnityEditor.TestRunner", "UnityEditor.TestRunner.csproj", "{0578B8FE-C0DF-644A-61F6-D366444ABB6E}"
EndProject
Project("{FAE04EC0-301F-11D3-BF4B-00C04F79EFBC}") = "Unity.Rider.Editor", "Unity.Rider.Editor.csproj", "{38B9257C-AF31-0753-60CB-9C8630E344A1}"
EndProject
Project("{FAE04EC0-301F-11D3-BF4B-00C04F79EFBC}") = "Unity.RenderPipelines.Universal.Editor", "Unity.RenderPipelines.Universal.Editor.csproj", "{2C5C216B-C709-D4E9-A330-459DDF15A630}"
EndProject
Project("{FAE04EC0-301F-11D3-BF4B-00C04F79EFBC}") = "Unity.Animation.Rigging.Editor", "Unity.Animation.Rigging.Editor.csproj", "{BC55EB3D-B017-65E0-5ACF-A5E7C6DD77C8}"
EndProject
Project("{FAE04EC0-301F-11D3-BF4B-00C04F79EFBC}") = "Unity.RenderPipelines.Core.Editor", "Unity.RenderPipelines.Core.Editor.csproj", "{720378F7-1A35-4539-42DD-3A0130E9301D}"
EndProject
Project("{FAE04EC0-301F-11D3-BF4B-00C04F79EFBC}") = "Unity.Searcher.Editor", "Unity.Searcher.Editor.csproj", "{A8DAEFFD-0CF5-66C4-F6DD-3858A7D85AEF}"
EndProject
Project("{FAE04EC0-301F-11D3-BF4B-00C04F79EFBC}") = "Unity.VSCode.Editor", "Unity.VSCode.Editor.csproj", "{BFF80964-3BC6-94C7-B502-5CBE2AEBD419}"
EndProject
Project("{FAE04EC0-301F-11D3-BF4B-00C04F79EFBC}") = "UnityEditor.UI", "UnityEditor.UI.csproj", "{CE64CA3D-801D-8C7E-E16B-4FB79B52C739}"
EndProject
Project("{FAE04EC0-301F-11D3-BF4B-00C04F79EFBC}") = "Unity.Mathematics.Editor", "Unity.Mathematics.Editor.csproj", "{76275F7A-03FD-B7EF-369C-70B9E24FBF1E}"
EndProject
Project("{FAE04EC0-301F-11D3-BF4B-00C04F79EFBC}") = "Unity.Burst.Editor", "Unity.Burst.Editor.csproj", "{05C61FBC-C5F7-F392-5720-165C2E105D4D}"
EndProject
Project("{FAE04EC0-301F-11D3-BF4B-00C04F79EFBC}") = "Unity.ShaderGraph.Utilities", "Unity.ShaderGraph.Utilities.csproj", "{E97CB2C3-902A-7590-1544-FF51A102732F}"
EndProject
Project("{FAE04EC0-301F-11D3-BF4B-00C04F79EFBC}") = "NavMeshComponentsEditor", "NavMeshComponentsEditor.csproj", "{BF06CC67-FDEB-8270-BECA-34BD703A390F}"
EndProject
Project("{FAE04EC0-301F-11D3-BF4B-00C04F79EFBC}") = "UnityEngine.UI.Player", "UnityEngine.UI.Player.csproj", "{9D2464B1-3E83-1B57-3068-3872F8F986A4}"
EndProject
Project("{FAE04EC0-301F-11D3-BF4B-00C04F79EFBC}") = "Unity.RenderPipelines.Core.Runtime.Player", "Unity.RenderPipelines.Core.Runtime.Player.csproj", "{343E8703-65D0-20F2-9DC4-F82E456CE6AC}"
EndProject
Project("{FAE04EC0-301F-11D3-BF4B-00C04F79EFBC}") = "UnityEngine.TestRunner.Player", "UnityEngine.TestRunner.Player.csproj", "{C4AAAD25-A028-2AC5-DF0D-F999FFC32FCC}"
EndProject
Project("{FAE04EC0-301F-11D3-BF4B-00C04F79EFBC}") = "Unity.Mathematics.Player", "Unity.Mathematics.Player.csproj", "{71989482-7C74-E146-9369-217B2DBC9A82}"
EndProject
Project("{FAE04EC0-301F-11D3-BF4B-00C04F79EFBC}") = "Assembly-CSharp.Player", "Assembly-CSharp.Player.csproj", "{D86783DA-2DFC-6BB7-53A8-055B35A605CA}"
EndProject
Project("{FAE04EC0-301F-11D3-BF4B-00C04F79EFBC}") = "Unity.RenderPipelines.Universal.Runtime.Player", "Unity.RenderPipelines.Universal.Runtime.Player.csproj", "{8A513906-BD5A-DCFC-B72E-0DC9BA93D385}"
EndProject
Project("{FAE04EC0-301F-11D3-BF4B-00C04F79EFBC}") = "Unity.Animation.Rigging.Player", "Unity.Animation.Rigging.Player.csproj", "{8415BE93-356A-927A-81D2-322B88013801}"
EndProject
Project("{FAE04EC0-301F-11D3-BF4B-00C04F79EFBC}") = "Unity.Burst.Player", "Unity.Burst.Player.csproj", "{E4ECCF06-356E-32D1-00F5-3133FA8096D0}"
EndProject
Project("{FAE04EC0-301F-11D3-BF4B-00C04F79EFBC}") = "Unity.TextMeshPro.Player", "Unity.TextMeshPro.Player.csproj", "{2D7A71C6-7316-B5F3-90B6-89D2485707F5}"
EndProject
Project("{FAE04EC0-301F-11D3-BF4B-00C04F79EFBC}") = "Cinemachine.Player", "Cinemachine.Player.csproj", "{A053934D-4733-CB50-4C42-2FEE4DC09CE0}"
EndProject
Project("{FAE04EC0-301F-11D3-BF4B-00C04F79EFBC}") = "Unity.Timeline.Player", "Unity.Timeline.Player.csproj", "{CF92B7A4-6A6B-6656-5AAB-7801D31E9757}"
EndProject
Project("{FAE04EC0-301F-11D3-BF4B-00C04F79EFBC}") = "Unity.RenderPipelines.Core.ShaderLibrary.Player", "Unity.RenderPipelines.Core.ShaderLibrary.Player.csproj", "{4A21ED86-0C3A-E08E-27B0-C8F7CBC976B1}"
EndProject
Project("{FAE04EC0-301F-11D3-BF4B-00C04F79EFBC}") = "Unity.RenderPipeline.Universal.ShaderLibrary.Player", "Unity.RenderPipeline.Universal.ShaderLibrary.Player.csproj", "{9CF38BB8-093E-B3E5-8AA3-E9B79747A93B}"
EndProject
Project("{FAE04EC0-301F-11D3-BF4B-00C04F79EFBC}") = "NavMeshComponents.Player", "NavMeshComponents.Player.csproj", "{349DD6D4-113E-B1D4-C930-EED6E2D23DFF}"
EndProject
Project("{FAE04EC0-301F-11D3-BF4B-00C04F79EFBC}") = "Unity.RenderPipelines.Universal.Shaders.Player", "Unity.RenderPipelines.Universal.Shaders.Player.csproj", "{F16E67E7-AFF6-D07D-E969-619E07FB3A5C}"
EndProject
Project("{FAE04EC0-301F-11D3-BF4B-00C04F79EFBC}") = "Unity.RenderPipelines.ShaderGraph.ShaderGraphLibrary.Player", "Unity.RenderPipelines.ShaderGraph.ShaderGraphLibrary.Player.csproj", "{11785326-319D-952B-4C3E-B64EE9822E06}"
EndProject
Global
	GlobalSection(SolutionConfigurationPlatforms) = preSolution
		Debug|Any CPU = Debug|Any CPU
		Release|Any CPU = Release|Any CPU
	EndGlobalSection
	GlobalSection(ProjectConfigurationPlatforms) = postSolution
		{0483AAAF-FF77-496A-55DF-C49147C61B51}.Debug|Any CPU.ActiveCfg = Debug|Any CPU
		{0483AAAF-FF77-496A-55DF-C49147C61B51}.Debug|Any CPU.Build.0 = Debug|Any CPU
		{0483AAAF-FF77-496A-55DF-C49147C61B51}.Release|Any CPU.ActiveCfg = Release|Any CPU
		{0483AAAF-FF77-496A-55DF-C49147C61B51}.Release|Any CPU.Build.0 = Release|Any CPU
		{77D0ACD1-D47D-E0A6-06A7-43DA01839749}.Debug|Any CPU.ActiveCfg = Debug|Any CPU
		{77D0ACD1-D47D-E0A6-06A7-43DA01839749}.Debug|Any CPU.Build.0 = Debug|Any CPU
		{77D0ACD1-D47D-E0A6-06A7-43DA01839749}.Release|Any CPU.ActiveCfg = Release|Any CPU
		{77D0ACD1-D47D-E0A6-06A7-43DA01839749}.Release|Any CPU.Build.0 = Release|Any CPU
		{9A24D62A-D9AA-F02E-EA10-F1A7B09806BA}.Debug|Any CPU.ActiveCfg = Debug|Any CPU
		{9A24D62A-D9AA-F02E-EA10-F1A7B09806BA}.Debug|Any CPU.Build.0 = Debug|Any CPU
		{9A24D62A-D9AA-F02E-EA10-F1A7B09806BA}.Release|Any CPU.ActiveCfg = Release|Any CPU
		{9A24D62A-D9AA-F02E-EA10-F1A7B09806BA}.Release|Any CPU.Build.0 = Release|Any CPU
		{EF03525F-C652-004E-75B5-1A25157A68B1}.Debug|Any CPU.ActiveCfg = Debug|Any CPU
		{EF03525F-C652-004E-75B5-1A25157A68B1}.Debug|Any CPU.Build.0 = Debug|Any CPU
		{EF03525F-C652-004E-75B5-1A25157A68B1}.Release|Any CPU.ActiveCfg = Release|Any CPU
		{EF03525F-C652-004E-75B5-1A25157A68B1}.Release|Any CPU.Build.0 = Release|Any CPU
		{74861A39-493B-0872-6F2B-2E4D4562BB3D}.Debug|Any CPU.ActiveCfg = Debug|Any CPU
		{74861A39-493B-0872-6F2B-2E4D4562BB3D}.Debug|Any CPU.Build.0 = Debug|Any CPU
		{74861A39-493B-0872-6F2B-2E4D4562BB3D}.Release|Any CPU.ActiveCfg = Release|Any CPU
		{74861A39-493B-0872-6F2B-2E4D4562BB3D}.Release|Any CPU.Build.0 = Release|Any CPU
		{32675056-715E-3058-6DA3-3FF56D5173FC}.Debug|Any CPU.ActiveCfg = Debug|Any CPU
		{32675056-715E-3058-6DA3-3FF56D5173FC}.Debug|Any CPU.Build.0 = Debug|Any CPU
		{32675056-715E-3058-6DA3-3FF56D5173FC}.Release|Any CPU.ActiveCfg = Release|Any CPU
		{32675056-715E-3058-6DA3-3FF56D5173FC}.Release|Any CPU.Build.0 = Release|Any CPU
		{8CB3F297-DB67-B7AB-5D0D-B3FF65279A00}.Debug|Any CPU.ActiveCfg = Debug|Any CPU
		{8CB3F297-DB67-B7AB-5D0D-B3FF65279A00}.Debug|Any CPU.Build.0 = Debug|Any CPU
		{8CB3F297-DB67-B7AB-5D0D-B3FF65279A00}.Release|Any CPU.ActiveCfg = Release|Any CPU
		{8CB3F297-DB67-B7AB-5D0D-B3FF65279A00}.Release|Any CPU.Build.0 = Release|Any CPU
		{C7CC67E3-CA32-CB58-CB44-590AAE0C2C29}.Debug|Any CPU.ActiveCfg = Debug|Any CPU
		{C7CC67E3-CA32-CB58-CB44-590AAE0C2C29}.Debug|Any CPU.Build.0 = Debug|Any CPU
		{C7CC67E3-CA32-CB58-CB44-590AAE0C2C29}.Release|Any CPU.ActiveCfg = Release|Any CPU
		{C7CC67E3-CA32-CB58-CB44-590AAE0C2C29}.Release|Any CPU.Build.0 = Release|Any CPU
		{36B1053B-4B0D-346A-D196-55588D9C3ED0}.Debug|Any CPU.ActiveCfg = Debug|Any CPU
		{36B1053B-4B0D-346A-D196-55588D9C3ED0}.Debug|Any CPU.Build.0 = Debug|Any CPU
		{36B1053B-4B0D-346A-D196-55588D9C3ED0}.Release|Any CPU.ActiveCfg = Release|Any CPU
		{36B1053B-4B0D-346A-D196-55588D9C3ED0}.Release|Any CPU.Build.0 = Release|Any CPU
		{B60B8B77-D206-38AD-BD16-22991B807259}.Debug|Any CPU.ActiveCfg = Debug|Any CPU
		{B60B8B77-D206-38AD-BD16-22991B807259}.Debug|Any CPU.Build.0 = Debug|Any CPU
		{B60B8B77-D206-38AD-BD16-22991B807259}.Release|Any CPU.ActiveCfg = Release|Any CPU
		{B60B8B77-D206-38AD-BD16-22991B807259}.Release|Any CPU.Build.0 = Release|Any CPU
		{2BCDEA6E-EE08-DC75-8CBE-71900F4A13C1}.Debug|Any CPU.ActiveCfg = Debug|Any CPU
		{2BCDEA6E-EE08-DC75-8CBE-71900F4A13C1}.Debug|Any CPU.Build.0 = Debug|Any CPU
		{2BCDEA6E-EE08-DC75-8CBE-71900F4A13C1}.Release|Any CPU.ActiveCfg = Release|Any CPU
		{2BCDEA6E-EE08-DC75-8CBE-71900F4A13C1}.Release|Any CPU.Build.0 = Release|Any CPU
		{5CED8EE4-F7A9-340A-B344-475100360F85}.Debug|Any CPU.ActiveCfg = Debug|Any CPU
		{5CED8EE4-F7A9-340A-B344-475100360F85}.Debug|Any CPU.Build.0 = Debug|Any CPU
		{5CED8EE4-F7A9-340A-B344-475100360F85}.Release|Any CPU.ActiveCfg = Release|Any CPU
		{5CED8EE4-F7A9-340A-B344-475100360F85}.Release|Any CPU.Build.0 = Release|Any CPU
		{AB5294CE-765D-15F5-0D52-7000C4B24C4B}.Debug|Any CPU.ActiveCfg = Debug|Any CPU
		{AB5294CE-765D-15F5-0D52-7000C4B24C4B}.Debug|Any CPU.Build.0 = Debug|Any CPU
		{AB5294CE-765D-15F5-0D52-7000C4B24C4B}.Release|Any CPU.ActiveCfg = Release|Any CPU
		{AB5294CE-765D-15F5-0D52-7000C4B24C4B}.Release|Any CPU.Build.0 = Release|Any CPU
		{5E623CE7-3E83-642B-BA30-D792C5B7C6E6}.Debug|Any CPU.ActiveCfg = Debug|Any CPU
		{5E623CE7-3E83-642B-BA30-D792C5B7C6E6}.Debug|Any CPU.Build.0 = Debug|Any CPU
		{5E623CE7-3E83-642B-BA30-D792C5B7C6E6}.Release|Any CPU.ActiveCfg = Release|Any CPU
		{5E623CE7-3E83-642B-BA30-D792C5B7C6E6}.Release|Any CPU.Build.0 = Release|Any CPU
		{CDF6EED5-8F16-E856-E59D-81DBD730714F}.Debug|Any CPU.ActiveCfg = Debug|Any CPU
		{CDF6EED5-8F16-E856-E59D-81DBD730714F}.Debug|Any CPU.Build.0 = Debug|Any CPU
		{CDF6EED5-8F16-E856-E59D-81DBD730714F}.Release|Any CPU.ActiveCfg = Release|Any CPU
		{CDF6EED5-8F16-E856-E59D-81DBD730714F}.Release|Any CPU.Build.0 = Release|Any CPU
		{D24F6245-3733-0489-87AD-F9E6279729C6}.Debug|Any CPU.ActiveCfg = Debug|Any CPU
		{D24F6245-3733-0489-87AD-F9E6279729C6}.Debug|Any CPU.Build.0 = Debug|Any CPU
		{D24F6245-3733-0489-87AD-F9E6279729C6}.Release|Any CPU.ActiveCfg = Release|Any CPU
		{D24F6245-3733-0489-87AD-F9E6279729C6}.Release|Any CPU.Build.0 = Release|Any CPU
		{B6BE89A6-9170-7369-F8FB-2402411146B4}.Debug|Any CPU.ActiveCfg = Debug|Any CPU
		{B6BE89A6-9170-7369-F8FB-2402411146B4}.Debug|Any CPU.Build.0 = Debug|Any CPU
		{B6BE89A6-9170-7369-F8FB-2402411146B4}.Release|Any CPU.ActiveCfg = Release|Any CPU
		{B6BE89A6-9170-7369-F8FB-2402411146B4}.Release|Any CPU.Build.0 = Release|Any CPU
		{71CE3B25-6F8E-8C6B-EA38-29C4B83775B2}.Debug|Any CPU.ActiveCfg = Debug|Any CPU
		{71CE3B25-6F8E-8C6B-EA38-29C4B83775B2}.Debug|Any CPU.Build.0 = Debug|Any CPU
		{71CE3B25-6F8E-8C6B-EA38-29C4B83775B2}.Release|Any CPU.ActiveCfg = Release|Any CPU
		{71CE3B25-6F8E-8C6B-EA38-29C4B83775B2}.Release|Any CPU.Build.0 = Release|Any CPU
		{4BB6E9F5-7B39-7F3B-E7D0-F977AF5F279D}.Debug|Any CPU.ActiveCfg = Debug|Any CPU
		{4BB6E9F5-7B39-7F3B-E7D0-F977AF5F279D}.Debug|Any CPU.Build.0 = Debug|Any CPU
		{4BB6E9F5-7B39-7F3B-E7D0-F977AF5F279D}.Release|Any CPU.ActiveCfg = Release|Any CPU
		{4BB6E9F5-7B39-7F3B-E7D0-F977AF5F279D}.Release|Any CPU.Build.0 = Release|Any CPU
		{82BFB073-906D-C126-879E-975EF4B4FB08}.Debug|Any CPU.ActiveCfg = Debug|Any CPU
		{82BFB073-906D-C126-879E-975EF4B4FB08}.Debug|Any CPU.Build.0 = Debug|Any CPU
		{82BFB073-906D-C126-879E-975EF4B4FB08}.Release|Any CPU.ActiveCfg = Release|Any CPU
		{82BFB073-906D-C126-879E-975EF4B4FB08}.Release|Any CPU.Build.0 = Release|Any CPU
		{CCD97FAD-C6F0-DC6A-0ECD-44F6C1379378}.Debug|Any CPU.ActiveCfg = Debug|Any CPU
		{CCD97FAD-C6F0-DC6A-0ECD-44F6C1379378}.Debug|Any CPU.Build.0 = Debug|Any CPU
		{CCD97FAD-C6F0-DC6A-0ECD-44F6C1379378}.Release|Any CPU.ActiveCfg = Release|Any CPU
		{CCD97FAD-C6F0-DC6A-0ECD-44F6C1379378}.Release|Any CPU.Build.0 = Release|Any CPU
		{EE761019-4430-A2EF-5251-835174DDBE27}.Debug|Any CPU.ActiveCfg = Debug|Any CPU
		{EE761019-4430-A2EF-5251-835174DDBE27}.Debug|Any CPU.Build.0 = Debug|Any CPU
		{EE761019-4430-A2EF-5251-835174DDBE27}.Release|Any CPU.ActiveCfg = Release|Any CPU
		{EE761019-4430-A2EF-5251-835174DDBE27}.Release|Any CPU.Build.0 = Release|Any CPU
		{6BB2D72F-70FE-C961-6129-91101D72B3E9}.Debug|Any CPU.ActiveCfg = Debug|Any CPU
		{6BB2D72F-70FE-C961-6129-91101D72B3E9}.Debug|Any CPU.Build.0 = Debug|Any CPU
		{6BB2D72F-70FE-C961-6129-91101D72B3E9}.Release|Any CPU.ActiveCfg = Release|Any CPU
		{6BB2D72F-70FE-C961-6129-91101D72B3E9}.Release|Any CPU.Build.0 = Release|Any CPU
		{9939EBFE-8566-5388-538D-01CD268E5740}.Debug|Any CPU.ActiveCfg = Debug|Any CPU
		{9939EBFE-8566-5388-538D-01CD268E5740}.Debug|Any CPU.Build.0 = Debug|Any CPU
		{9939EBFE-8566-5388-538D-01CD268E5740}.Release|Any CPU.ActiveCfg = Release|Any CPU
		{9939EBFE-8566-5388-538D-01CD268E5740}.Release|Any CPU.Build.0 = Release|Any CPU
		{0578B8FE-C0DF-644A-61F6-D366444ABB6E}.Debug|Any CPU.ActiveCfg = Debug|Any CPU
		{0578B8FE-C0DF-644A-61F6-D366444ABB6E}.Debug|Any CPU.Build.0 = Debug|Any CPU
		{0578B8FE-C0DF-644A-61F6-D366444ABB6E}.Release|Any CPU.ActiveCfg = Release|Any CPU
		{0578B8FE-C0DF-644A-61F6-D366444ABB6E}.Release|Any CPU.Build.0 = Release|Any CPU
		{38B9257C-AF31-0753-60CB-9C8630E344A1}.Debug|Any CPU.ActiveCfg = Debug|Any CPU
		{38B9257C-AF31-0753-60CB-9C8630E344A1}.Debug|Any CPU.Build.0 = Debug|Any CPU
		{38B9257C-AF31-0753-60CB-9C8630E344A1}.Release|Any CPU.ActiveCfg = Release|Any CPU
		{38B9257C-AF31-0753-60CB-9C8630E344A1}.Release|Any CPU.Build.0 = Release|Any CPU
		{2C5C216B-C709-D4E9-A330-459DDF15A630}.Debug|Any CPU.ActiveCfg = Debug|Any CPU
		{2C5C216B-C709-D4E9-A330-459DDF15A630}.Debug|Any CPU.Build.0 = Debug|Any CPU
		{2C5C216B-C709-D4E9-A330-459DDF15A630}.Release|Any CPU.ActiveCfg = Release|Any CPU
		{2C5C216B-C709-D4E9-A330-459DDF15A630}.Release|Any CPU.Build.0 = Release|Any CPU
		{BC55EB3D-B017-65E0-5ACF-A5E7C6DD77C8}.Debug|Any CPU.ActiveCfg = Debug|Any CPU
		{BC55EB3D-B017-65E0-5ACF-A5E7C6DD77C8}.Debug|Any CPU.Build.0 = Debug|Any CPU
		{BC55EB3D-B017-65E0-5ACF-A5E7C6DD77C8}.Release|Any CPU.ActiveCfg = Release|Any CPU
		{BC55EB3D-B017-65E0-5ACF-A5E7C6DD77C8}.Release|Any CPU.Build.0 = Release|Any CPU
		{720378F7-1A35-4539-42DD-3A0130E9301D}.Debug|Any CPU.ActiveCfg = Debug|Any CPU
		{720378F7-1A35-4539-42DD-3A0130E9301D}.Debug|Any CPU.Build.0 = Debug|Any CPU
		{720378F7-1A35-4539-42DD-3A0130E9301D}.Release|Any CPU.ActiveCfg = Release|Any CPU
		{720378F7-1A35-4539-42DD-3A0130E9301D}.Release|Any CPU.Build.0 = Release|Any CPU
		{A8DAEFFD-0CF5-66C4-F6DD-3858A7D85AEF}.Debug|Any CPU.ActiveCfg = Debug|Any CPU
		{A8DAEFFD-0CF5-66C4-F6DD-3858A7D85AEF}.Debug|Any CPU.Build.0 = Debug|Any CPU
		{A8DAEFFD-0CF5-66C4-F6DD-3858A7D85AEF}.Release|Any CPU.ActiveCfg = Release|Any CPU
		{A8DAEFFD-0CF5-66C4-F6DD-3858A7D85AEF}.Release|Any CPU.Build.0 = Release|Any CPU
		{BFF80964-3BC6-94C7-B502-5CBE2AEBD419}.Debug|Any CPU.ActiveCfg = Debug|Any CPU
		{BFF80964-3BC6-94C7-B502-5CBE2AEBD419}.Debug|Any CPU.Build.0 = Debug|Any CPU
		{BFF80964-3BC6-94C7-B502-5CBE2AEBD419}.Release|Any CPU.ActiveCfg = Release|Any CPU
		{BFF80964-3BC6-94C7-B502-5CBE2AEBD419}.Release|Any CPU.Build.0 = Release|Any CPU
		{CE64CA3D-801D-8C7E-E16B-4FB79B52C739}.Debug|Any CPU.ActiveCfg = Debug|Any CPU
		{CE64CA3D-801D-8C7E-E16B-4FB79B52C739}.Debug|Any CPU.Build.0 = Debug|Any CPU
		{CE64CA3D-801D-8C7E-E16B-4FB79B52C739}.Release|Any CPU.ActiveCfg = Release|Any CPU
		{CE64CA3D-801D-8C7E-E16B-4FB79B52C739}.Release|Any CPU.Build.0 = Release|Any CPU
		{76275F7A-03FD-B7EF-369C-70B9E24FBF1E}.Debug|Any CPU.ActiveCfg = Debug|Any CPU
		{76275F7A-03FD-B7EF-369C-70B9E24FBF1E}.Debug|Any CPU.Build.0 = Debug|Any CPU
		{76275F7A-03FD-B7EF-369C-70B9E24FBF1E}.Release|Any CPU.ActiveCfg = Release|Any CPU
		{76275F7A-03FD-B7EF-369C-70B9E24FBF1E}.Release|Any CPU.Build.0 = Release|Any CPU
		{05C61FBC-C5F7-F392-5720-165C2E105D4D}.Debug|Any CPU.ActiveCfg = Debug|Any CPU
		{05C61FBC-C5F7-F392-5720-165C2E105D4D}.Debug|Any CPU.Build.0 = Debug|Any CPU
		{05C61FBC-C5F7-F392-5720-165C2E105D4D}.Release|Any CPU.ActiveCfg = Release|Any CPU
		{05C61FBC-C5F7-F392-5720-165C2E105D4D}.Release|Any CPU.Build.0 = Release|Any CPU
		{E97CB2C3-902A-7590-1544-FF51A102732F}.Debug|Any CPU.ActiveCfg = Debug|Any CPU
		{E97CB2C3-902A-7590-1544-FF51A102732F}.Debug|Any CPU.Build.0 = Debug|Any CPU
		{E97CB2C3-902A-7590-1544-FF51A102732F}.Release|Any CPU.ActiveCfg = Release|Any CPU
		{E97CB2C3-902A-7590-1544-FF51A102732F}.Release|Any CPU.Build.0 = Release|Any CPU
		{BF06CC67-FDEB-8270-BECA-34BD703A390F}.Debug|Any CPU.ActiveCfg = Debug|Any CPU
		{BF06CC67-FDEB-8270-BECA-34BD703A390F}.Debug|Any CPU.Build.0 = Debug|Any CPU
		{BF06CC67-FDEB-8270-BECA-34BD703A390F}.Release|Any CPU.ActiveCfg = Release|Any CPU
		{BF06CC67-FDEB-8270-BECA-34BD703A390F}.Release|Any CPU.Build.0 = Release|Any CPU
		{9D2464B1-3E83-1B57-3068-3872F8F986A4}.Debug|Any CPU.ActiveCfg = Debug|Any CPU
		{9D2464B1-3E83-1B57-3068-3872F8F986A4}.Debug|Any CPU.Build.0 = Debug|Any CPU
		{9D2464B1-3E83-1B57-3068-3872F8F986A4}.Release|Any CPU.ActiveCfg = Release|Any CPU
		{9D2464B1-3E83-1B57-3068-3872F8F986A4}.Release|Any CPU.Build.0 = Release|Any CPU
		{343E8703-65D0-20F2-9DC4-F82E456CE6AC}.Debug|Any CPU.ActiveCfg = Debug|Any CPU
		{343E8703-65D0-20F2-9DC4-F82E456CE6AC}.Debug|Any CPU.Build.0 = Debug|Any CPU
		{343E8703-65D0-20F2-9DC4-F82E456CE6AC}.Release|Any CPU.ActiveCfg = Release|Any CPU
		{343E8703-65D0-20F2-9DC4-F82E456CE6AC}.Release|Any CPU.Build.0 = Release|Any CPU
		{C4AAAD25-A028-2AC5-DF0D-F999FFC32FCC}.Debug|Any CPU.ActiveCfg = Debug|Any CPU
		{C4AAAD25-A028-2AC5-DF0D-F999FFC32FCC}.Debug|Any CPU.Build.0 = Debug|Any CPU
		{C4AAAD25-A028-2AC5-DF0D-F999FFC32FCC}.Release|Any CPU.ActiveCfg = Release|Any CPU
		{C4AAAD25-A028-2AC5-DF0D-F999FFC32FCC}.Release|Any CPU.Build.0 = Release|Any CPU
		{71989482-7C74-E146-9369-217B2DBC9A82}.Debug|Any CPU.ActiveCfg = Debug|Any CPU
		{71989482-7C74-E146-9369-217B2DBC9A82}.Debug|Any CPU.Build.0 = Debug|Any CPU
		{71989482-7C74-E146-9369-217B2DBC9A82}.Release|Any CPU.ActiveCfg = Release|Any CPU
		{71989482-7C74-E146-9369-217B2DBC9A82}.Release|Any CPU.Build.0 = Release|Any CPU
		{D86783DA-2DFC-6BB7-53A8-055B35A605CA}.Debug|Any CPU.ActiveCfg = Debug|Any CPU
		{D86783DA-2DFC-6BB7-53A8-055B35A605CA}.Debug|Any CPU.Build.0 = Debug|Any CPU
		{D86783DA-2DFC-6BB7-53A8-055B35A605CA}.Release|Any CPU.ActiveCfg = Release|Any CPU
		{D86783DA-2DFC-6BB7-53A8-055B35A605CA}.Release|Any CPU.Build.0 = Release|Any CPU
		{8A513906-BD5A-DCFC-B72E-0DC9BA93D385}.Debug|Any CPU.ActiveCfg = Debug|Any CPU
		{8A513906-BD5A-DCFC-B72E-0DC9BA93D385}.Debug|Any CPU.Build.0 = Debug|Any CPU
		{8A513906-BD5A-DCFC-B72E-0DC9BA93D385}.Release|Any CPU.ActiveCfg = Release|Any CPU
		{8A513906-BD5A-DCFC-B72E-0DC9BA93D385}.Release|Any CPU.Build.0 = Release|Any CPU
		{8415BE93-356A-927A-81D2-322B88013801}.Debug|Any CPU.ActiveCfg = Debug|Any CPU
		{8415BE93-356A-927A-81D2-322B88013801}.Debug|Any CPU.Build.0 = Debug|Any CPU
		{8415BE93-356A-927A-81D2-322B88013801}.Release|Any CPU.ActiveCfg = Release|Any CPU
		{8415BE93-356A-927A-81D2-322B88013801}.Release|Any CPU.Build.0 = Release|Any CPU
		{E4ECCF06-356E-32D1-00F5-3133FA8096D0}.Debug|Any CPU.ActiveCfg = Debug|Any CPU
		{E4ECCF06-356E-32D1-00F5-3133FA8096D0}.Debug|Any CPU.Build.0 = Debug|Any CPU
		{E4ECCF06-356E-32D1-00F5-3133FA8096D0}.Release|Any CPU.ActiveCfg = Release|Any CPU
		{E4ECCF06-356E-32D1-00F5-3133FA8096D0}.Release|Any CPU.Build.0 = Release|Any CPU
		{2D7A71C6-7316-B5F3-90B6-89D2485707F5}.Debug|Any CPU.ActiveCfg = Debug|Any CPU
		{2D7A71C6-7316-B5F3-90B6-89D2485707F5}.Debug|Any CPU.Build.0 = Debug|Any CPU
		{2D7A71C6-7316-B5F3-90B6-89D2485707F5}.Release|Any CPU.ActiveCfg = Release|Any CPU
		{2D7A71C6-7316-B5F3-90B6-89D2485707F5}.Release|Any CPU.Build.0 = Release|Any CPU
		{A053934D-4733-CB50-4C42-2FEE4DC09CE0}.Debug|Any CPU.ActiveCfg = Debug|Any CPU
		{A053934D-4733-CB50-4C42-2FEE4DC09CE0}.Debug|Any CPU.Build.0 = Debug|Any CPU
		{A053934D-4733-CB50-4C42-2FEE4DC09CE0}.Release|Any CPU.ActiveCfg = Release|Any CPU
		{A053934D-4733-CB50-4C42-2FEE4DC09CE0}.Release|Any CPU.Build.0 = Release|Any CPU
		{CF92B7A4-6A6B-6656-5AAB-7801D31E9757}.Debug|Any CPU.ActiveCfg = Debug|Any CPU
		{CF92B7A4-6A6B-6656-5AAB-7801D31E9757}.Debug|Any CPU.Build.0 = Debug|Any CPU
		{CF92B7A4-6A6B-6656-5AAB-7801D31E9757}.Release|Any CPU.ActiveCfg = Release|Any CPU
		{CF92B7A4-6A6B-6656-5AAB-7801D31E9757}.Release|Any CPU.Build.0 = Release|Any CPU
		{4A21ED86-0C3A-E08E-27B0-C8F7CBC976B1}.Debug|Any CPU.ActiveCfg = Debug|Any CPU
		{4A21ED86-0C3A-E08E-27B0-C8F7CBC976B1}.Debug|Any CPU.Build.0 = Debug|Any CPU
		{4A21ED86-0C3A-E08E-27B0-C8F7CBC976B1}.Release|Any CPU.ActiveCfg = Release|Any CPU
		{4A21ED86-0C3A-E08E-27B0-C8F7CBC976B1}.Release|Any CPU.Build.0 = Release|Any CPU
		{9CF38BB8-093E-B3E5-8AA3-E9B79747A93B}.Debug|Any CPU.ActiveCfg = Debug|Any CPU
		{9CF38BB8-093E-B3E5-8AA3-E9B79747A93B}.Debug|Any CPU.Build.0 = Debug|Any CPU
		{9CF38BB8-093E-B3E5-8AA3-E9B79747A93B}.Release|Any CPU.ActiveCfg = Release|Any CPU
		{9CF38BB8-093E-B3E5-8AA3-E9B79747A93B}.Release|Any CPU.Build.0 = Release|Any CPU
		{349DD6D4-113E-B1D4-C930-EED6E2D23DFF}.Debug|Any CPU.ActiveCfg = Debug|Any CPU
		{349DD6D4-113E-B1D4-C930-EED6E2D23DFF}.Debug|Any CPU.Build.0 = Debug|Any CPU
		{349DD6D4-113E-B1D4-C930-EED6E2D23DFF}.Release|Any CPU.ActiveCfg = Release|Any CPU
		{349DD6D4-113E-B1D4-C930-EED6E2D23DFF}.Release|Any CPU.Build.0 = Release|Any CPU
		{F16E67E7-AFF6-D07D-E969-619E07FB3A5C}.Debug|Any CPU.ActiveCfg = Debug|Any CPU
		{F16E67E7-AFF6-D07D-E969-619E07FB3A5C}.Debug|Any CPU.Build.0 = Debug|Any CPU
		{F16E67E7-AFF6-D07D-E969-619E07FB3A5C}.Release|Any CPU.ActiveCfg = Release|Any CPU
		{F16E67E7-AFF6-D07D-E969-619E07FB3A5C}.Release|Any CPU.Build.0 = Release|Any CPU
		{11785326-319D-952B-4C3E-B64EE9822E06}.Debug|Any CPU.ActiveCfg = Debug|Any CPU
		{11785326-319D-952B-4C3E-B64EE9822E06}.Debug|Any CPU.Build.0 = Debug|Any CPU
		{11785326-319D-952B-4C3E-B64EE9822E06}.Release|Any CPU.ActiveCfg = Release|Any CPU
		{11785326-319D-952B-4C3E-B64EE9822E06}.Release|Any CPU.Build.0 = Release|Any CPU
	EndGlobalSection
	GlobalSection(SolutionProperties) = preSolution
		HideSolutionNode = FALSE
	EndGlobalSection
EndGlobal
